// !$*UTF8*$!
{
	archiveVersion = 1;
	classes = {
	};
	objectVersion = 50;
	objects = {

/* Begin PBXBuildFile section */
		D76E8E922352B17700FCAFE6 /* Landmark.swift in Sources */ = {isa = PBXBuildFile; fileRef = D76E8E912352B17700FCAFE6 /* Landmark.swift */; };
		D7FDDDC0235279EB00A3509C /* AppDelegate.swift in Sources */ = {isa = PBXBuildFile; fileRef = D7FDDDBF235279EB00A3509C /* AppDelegate.swift */; };
		D7FDDDC2235279EB00A3509C /* SceneDelegate.swift in Sources */ = {isa = PBXBuildFile; fileRef = D7FDDDC1235279EB00A3509C /* SceneDelegate.swift */; };
		D7FDDDC4235279EB00A3509C /* LandmarkDetail.swift in Sources */ = {isa = PBXBuildFile; fileRef = D7FDDDC3235279EB00A3509C /* LandmarkDetail.swift */; };
		D7FDDDC6235279EC00A3509C /* Assets.xcassets in Resources */ = {isa = PBXBuildFile; fileRef = D7FDDDC5235279EC00A3509C /* Assets.xcassets */; };
		D7FDDDC9235279EC00A3509C /* Preview Assets.xcassets in Resources */ = {isa = PBXBuildFile; fileRef = D7FDDDC8235279EC00A3509C /* Preview Assets.xcassets */; };
		D7FDDDCC235279EC00A3509C /* LaunchScreen.storyboard in Resources */ = {isa = PBXBuildFile; fileRef = D7FDDDCA235279EC00A3509C /* LaunchScreen.storyboard */; };
		D7FDDDD42352836E00A3509C /* CircleImage.swift in Sources */ = {isa = PBXBuildFile; fileRef = D7FDDDD32352836E00A3509C /* CircleImage.swift */; };
		D7FDDDD62352870100A3509C /* MapView.swift in Sources */ = {isa = PBXBuildFile; fileRef = D7FDDDD52352870100A3509C /* MapView.swift */; };
/* End PBXBuildFile section */

/* Begin PBXFileReference section */
		D76E8E912352B17700FCAFE6 /* Landmark.swift */ = {isa = PBXFileReference; lastKnownFileType = sourcecode.swift; path = Landmark.swift; sourceTree = "<group>"; };
		D76E8E942352C05F00FCAFE6 /* landmarkData.json */ = {isa = PBXFileReference; lastKnownFileType = text.json; name = landmarkData.json; path = "Landmarks/New Group/landmarkData.json"; sourceTree = SOURCE_ROOT; };
		D7FDDDBC235279EB00A3509C /* Landmarks.app */ = {isa = PBXFileReference; explicitFileType = wrapper.application; includeInIndex = 0; path = Landmarks.app; sourceTree = BUILT_PRODUCTS_DIR; };
		D7FDDDBF235279EB00A3509C /* AppDelegate.swift */ = {isa = PBXFileReference; lastKnownFileType = sourcecode.swift; path = AppDelegate.swift; sourceTree = "<group>"; };
		D7FDDDC1235279EB00A3509C /* SceneDelegate.swift */ = {isa = PBXFileReference; lastKnownFileType = sourcecode.swift; path = SceneDelegate.swift; sourceTree = "<group>"; };
		D7FDDDC3235279EB00A3509C /* LandmarkDetail.swift */ = {isa = PBXFileReference; lastKnownFileType = sourcecode.swift; path = LandmarkDetail.swift; sourceTree = "<group>"; };
		D7FDDDC5235279EC00A3509C /* Assets.xcassets */ = {isa = PBXFileReference; lastKnownFileType = folder.assetcatalog; path = Assets.xcassets; sourceTree = "<group>"; };
		D7FDDDC8235279EC00A3509C /* Preview Assets.xcassets */ = {isa = PBXFileReference; lastKnownFileType = folder.assetcatalog; path = "Preview Assets.xcassets"; sourceTree = "<group>"; };
		D7FDDDCB235279EC00A3509C /* Base */ = {isa = PBXFileReference; lastKnownFileType = file.storyboard; name = Base; path = Base.lproj/LaunchScreen.storyboard; sourceTree = "<group>"; };
		D7FDDDCD235279EC00A3509C /* Info.plist */ = {isa = PBXFileReference; lastKnownFileType = text.plist.xml; path = Info.plist; sourceTree = "<group>"; };
		D7FDDDD32352836E00A3509C /* CircleImage.swift */ = {isa = PBXFileReference; lastKnownFileType = sourcecode.swift; path = CircleImage.swift; sourceTree = "<group>"; };
		D7FDDDD52352870100A3509C /* MapView.swift */ = {isa = PBXFileReference; lastKnownFileType = sourcecode.swift; path = MapView.swift; sourceTree = "<group>"; };
/* End PBXFileReference section */

/* Begin PBXFrameworksBuildPhase section */
		D7FDDDB9235279EB00A3509C /* Frameworks */ = {
			isa = PBXFrameworksBuildPhase;
			buildActionMask = 2147483647;
			files = (
			);
			runOnlyForDeploymentPostprocessing = 0;
		};
/* End PBXFrameworksBuildPhase section */

/* Begin PBXGroup section */
		D76E8E932352C01800FCAFE6 /* Models */ = {
			isa = PBXGroup;
			children = (
				D76E8E912352B17700FCAFE6 /* Landmark.swift */,
			);
			path = Models;
			sourceTree = "<group>";
		};
		D76E8E962352C07500FCAFE6 /* Resources */ = {
			isa = PBXGroup;
			children = (
				D76E8E942352C05F00FCAFE6 /* landmarkData.json */,
			);
			path = Resources;
			sourceTree = "<group>";
		};
		D76E8E972352C1E700FCAFE6 /* Supporting Views */ = {
			isa = PBXGroup;
			children = (
				D7FDDDD32352836E00A3509C /* CircleImage.swift */,
				D7FDDDD52352870100A3509C /* MapView.swift */,
			);
			path = "Supporting Views";
			sourceTree = "<group>";
		};
		D7FDDDB3235279EB00A3509C = {
			isa = PBXGroup;
			children = (
				D7FDDDBE235279EB00A3509C /* Landmarks */,
				D7FDDDBD235279EB00A3509C /* Products */,
			);
			sourceTree = "<group>";
		};
		D7FDDDBD235279EB00A3509C /* Products */ = {
			isa = PBXGroup;
			children = (
				D7FDDDBC235279EB00A3509C /* Landmarks.app */,
			);
			name = Products;
			sourceTree = "<group>";
		};
		D7FDDDBE235279EB00A3509C /* Landmarks */ = {
			isa = PBXGroup;
			children = (
				D7FDDDBF235279EB00A3509C /* AppDelegate.swift */,
				D7FDDDC1235279EB00A3509C /* SceneDelegate.swift */,
				D7FDDDC3235279EB00A3509C /* LandmarkDetail.swift */,
				D76E8E972352C1E700FCAFE6 /* Supporting Views */,
				D7FDDDC5235279EC00A3509C /* Assets.xcassets */,
				D7FDDDCA235279EC00A3509C /* LaunchScreen.storyboard */,
				D76E8E962352C07500FCAFE6 /* Resources */,
				D7FDDDCD235279EC00A3509C /* Info.plist */,
				D7FDDDC7235279EC00A3509C /* Preview Content */,
				D76E8E932352C01800FCAFE6 /* Models */,
			);
			path = Landmarks;
			sourceTree = "<group>";
		};
		D7FDDDC7235279EC00A3509C /* Preview Content */ = {
			isa = PBXGroup;
			children = (
				D7FDDDC8235279EC00A3509C /* Preview Assets.xcassets */,
			);
			path = "Preview Content";
			sourceTree = "<group>";
		};
/* End PBXGroup section */

/* Begin PBXNativeTarget section */
		D7FDDDBB235279EB00A3509C /* Landmarks */ = {
			isa = PBXNativeTarget;
			buildConfigurationList = D7FDDDD0235279EC00A3509C /* Build configuration list for PBXNativeTarget "Landmarks" */;
			buildPhases = (
				D7FDDDB8235279EB00A3509C /* Sources */,
				D7FDDDB9235279EB00A3509C /* Frameworks */,
				D7FDDDBA235279EB00A3509C /* Resources */,
			);
			buildRules = (
			);
			dependencies = (
			);
			name = Landmarks;
			productName = Landmarks;
			productReference = D7FDDDBC235279EB00A3509C /* Landmarks.app */;
			productType = "com.apple.product-type.application";
		};
/* End PBXNativeTarget section */

/* Begin PBXProject section */
		D7FDDDB4235279EB00A3509C /* Project object */ = {
			isa = PBXProject;
			attributes = {
				LastSwiftUpdateCheck = 1110;
				LastUpgradeCheck = 1110;
				ORGANIZATIONNAME = "Regan Laurell";
				TargetAttributes = {
					D7FDDDBB235279EB00A3509C = {
						CreatedOnToolsVersion = 11.1;
					};
				};
			};
			buildConfigurationList = D7FDDDB7235279EB00A3509C /* Build configuration list for PBXProject "Landmarks" */;
			compatibilityVersion = "Xcode 9.3";
			developmentRegion = en;
			hasScannedForEncodings = 0;
			knownRegions = (
				en,
				Base,
			);
			mainGroup = D7FDDDB3235279EB00A3509C;
			productRefGroup = D7FDDDBD235279EB00A3509C /* Products */;
			projectDirPath = "";
			projectRoot = "";
			targets = (
				D7FDDDBB235279EB00A3509C /* Landmarks */,
			);
		};
/* End PBXProject section */

/* Begin PBXResourcesBuildPhase section */
		D7FDDDBA235279EB00A3509C /* Resources */ = {
			isa = PBXResourcesBuildPhase;
			buildActionMask = 2147483647;
			files = (
				D7FDDDCC235279EC00A3509C /* LaunchScreen.storyboard in Resources */,
				D7FDDDC9235279EC00A3509C /* Preview Assets.xcassets in Resources */,
				D7FDDDC6235279EC00A3509C /* Assets.xcassets in Resources */,
			);
			runOnlyForDeploymentPostprocessing = 0;
		};
/* End PBXResourcesBuildPhase section */

/* Begin PBXSourcesBuildPhase section */
		D7FDDDB8235279EB00A3509C /* Sources */ = {
			isa = PBXSourcesBuildPhase;
			buildActionMask = 2147483647;
			files = (
				D7FDDDC0235279EB00A3509C /* AppDelegate.swift in Sources */,
				D7FDDDD42352836E00A3509C /* CircleImage.swift in Sources */,
				D7FDDDD62352870100A3509C /* MapView.swift in Sources */,
				D7FDDDC2235279EB00A3509C /* SceneDelegate.swift in Sources */,
				D7FDDDC4235279EB00A3509C /* LandmarkDetail.swift in Sources */,
				D76E8E922352B17700FCAFE6 /* Landmark.swift in Sources */,
			);
			runOnlyForDeploymentPostprocessing = 0;
		};
/* End PBXSourcesBuildPhase section */

/* Begin PBXVariantGroup section */
		D7FDDDCA235279EC00A3509C /* LaunchScreen.storyboard */ = {
			isa = PBXVariantGroup;
			children = (
				D7FDDDCB235279EC00A3509C /* Base */,
			);
			name = LaunchScreen.storyboard;
			sourceTree = "<group>";
		};
/* End PBXVariantGroup section */

/* Begin XCBuildConfiguration section */
		D7FDDDCE235279EC00A3509C /* Debug */ = {
			isa = XCBuildConfiguration;
			buildSettings = {
				ALWAYS_SEARCH_USER_PATHS = NO;
				CLANG_ANALYZER_NONNULL = YES;
				CLANG_ANALYZER_NUMBER_OBJECT_CONVERSION = YES_AGGRESSIVE;
				CLANG_CXX_LANGUAGE_STANDARD = "gnu++14";
				CLANG_CXX_LIBRARY = "libc++";
				CLANG_ENABLE_MODULES = YES;
				CLANG_ENABLE_OBJC_ARC = YES;
				CLANG_ENABLE_OBJC_WEAK = YES;
				CLANG_WARN_BLOCK_CAPTURE_AUTORELEASING = YES;
				CLANG_WARN_BOOL_CONVERSION = YES;
				CLANG_WARN_COMMA = YES;
				CLANG_WARN_CONSTANT_CONVERSION = YES;
				CLANG_WARN_DEPRECATED_OBJC_IMPLEMENTATIONS = YES;
				CLANG_WARN_DIRECT_OBJC_ISA_USAGE = YES_ERROR;
				CLANG_WARN_DOCUMENTATION_COMMENTS = YES;
				CLANG_WARN_EMPTY_BODY = YES;
				CLANG_WARN_ENUM_CONVERSION = YES;
				CLANG_WARN_INFINITE_RECURSION = YES;
				CLANG_WARN_INT_CONVERSION = YES;
				CLANG_WARN_NON_LITERAL_NULL_CONVERSION = YES;
				CLANG_WARN_OBJC_IMPLICIT_RETAIN_SELF = YES;
				CLANG_WARN_OBJC_LITERAL_CONVERSION = YES;
				CLANG_WARN_OBJC_ROOT_CLASS = YES_ERROR;
				CLANG_WARN_RANGE_LOOP_ANALYSIS = YES;
				CLANG_WARN_STRICT_PROTOTYPES = YES;
				CLANG_WARN_SUSPICIOUS_MOVE = YES;
				CLANG_WARN_UNGUARDED_AVAILABILITY = YES_AGGRESSIVE;
				CLANG_WARN_UNREACHABLE_CODE = YES;
				CLANG_WARN__DUPLICATE_METHOD_MATCH = YES;
				COPY_PHASE_STRIP = NO;
				DEBUG_INFORMATION_FORMAT = dwarf;
				ENABLE_STRICT_OBJC_MSGSEND = YES;
				ENABLE_TESTABILITY = YES;
				GCC_C_LANGUAGE_STANDARD = gnu11;
				GCC_DYNAMIC_NO_PIC = NO;
				GCC_NO_COMMON_BLOCKS = YES;
				GCC_OPTIMIZATION_LEVEL = 0;
				GCC_PREPROCESSOR_DEFINITIONS = (
					"DEBUG=1",
					"$(inherited)",
				);
				GCC_WARN_64_TO_32_BIT_CONVERSION = YES;
				GCC_WARN_ABOUT_RETURN_TYPE = YES_ERROR;
				GCC_WARN_UNDECLARED_SELECTOR = YES;
				GCC_WARN_UNINITIALIZED_AUTOS = YES_AGGRESSIVE;
				GCC_WARN_UNUSED_FUNCTION = YES;
				GCC_WARN_UNUSED_VARIABLE = YES;
				IPHONEOS_DEPLOYMENT_TARGET = 13.1;
				MTL_ENABLE_DEBUG_INFO = INCLUDE_SOURCE;
				MTL_FAST_MATH = YES;
				ONLY_ACTIVE_ARCH = YES;
				SDKROOT = iphoneos;
				SWIFT_ACTIVE_COMPILATION_CONDITIONS = DEBUG;
				SWIFT_OPTIMIZATION_LEVEL = "-Onone";
			};
			name = Debug;
		};
		D7FDDDCF235279EC00A3509C /* Release */ = {
			isa = XCBuildConfiguration;
			buildSettings = {
				ALWAYS_SEARCH_USER_PATHS = NO;
				CLANG_ANALYZER_NONNULL = YES;
				CLANG_ANALYZER_NUMBER_OBJECT_CONVERSION = YES_AGGRESSIVE;
				CLANG_CXX_LANGUAGE_STANDARD = "gnu++14";
				CLANG_CXX_LIBRARY = "libc++";
				CLANG_ENABLE_MODULES = YES;
				CLANG_ENABLE_OBJC_ARC = YES;
				CLANG_ENABLE_OBJC_WEAK = YES;
				CLANG_WARN_BLOCK_CAPTURE_AUTORELEASING = YES;
				CLANG_WARN_BOOL_CONVERSION = YES;
				CLANG_WARN_COMMA = YES;
				CLANG_WARN_CONSTANT_CONVERSION = YES;
				CLANG_WARN_DEPRECATED_OBJC_IMPLEMENTATIONS = YES;
				CLANG_WARN_DIRECT_OBJC_ISA_USAGE = YES_ERROR;
				CLANG_WARN_DOCUMENTATION_COMMENTS = YES;
				CLANG_WARN_EMPTY_BODY = YES;
				CLANG_WARN_ENUM_CONVERSION = YES;
				CLANG_WARN_INFINITE_RECURSION = YES;
				CLANG_WARN_INT_CONVERSION = YES;
				CLANG_WARN_NON_LITERAL_NULL_CONVERSION = YES;
				CLANG_WARN_OBJC_IMPLICIT_RETAIN_SELF = YES;
				CLANG_WARN_OBJC_LITERAL_CONVERSION = YES;
				CLANG_WARN_OBJC_ROOT_CLASS = YES_ERROR;
				CLANG_WARN_RANGE_LOOP_ANALYSIS = YES;
				CLANG_WARN_STRICT_PROTOTYPES = YES;
				CLANG_WARN_SUSPICIOUS_MOVE = YES;
				CLANG_WARN_UNGUARDED_AVAILABILITY = YES_AGGRESSIVE;
				CLANG_WARN_UNREACHABLE_CODE = YES;
				CLANG_WARN__DUPLICATE_METHOD_MATCH = YES;
				COPY_PHASE_STRIP = NO;
				DEBUG_INFORMATION_FORMAT = "dwarf-with-dsym";
				ENABLE_NS_ASSERTIONS = NO;
				ENABLE_STRICT_OBJC_MSGSEND = YES;
				GCC_C_LANGUAGE_STANDARD = gnu11;
				GCC_NO_COMMON_BLOCKS = YES;
				GCC_WARN_64_TO_32_BIT_CONVERSION = YES;
				GCC_WARN_ABOUT_RETURN_TYPE = YES_ERROR;
				GCC_WARN_UNDECLARED_SELECTOR = YES;
				GCC_WARN_UNINITIALIZED_AUTOS = YES_AGGRESSIVE;
				GCC_WARN_UNUSED_FUNCTION = YES;
				GCC_WARN_UNUSED_VARIABLE = YES;
				IPHONEOS_DEPLOYMENT_TARGET = 13.1;
				MTL_ENABLE_DEBUG_INFO = NO;
				MTL_FAST_MATH = YES;
				SDKROOT = iphoneos;
				SWIFT_COMPILATION_MODE = wholemodule;
				SWIFT_OPTIMIZATION_LEVEL = "-O";
				VALIDATE_PRODUCT = YES;
			};
			name = Release;
		};
		D7FDDDD1235279EC00A3509C /* Debug */ = {
			isa = XCBuildConfiguration;
			buildSettings = {
				ASSETCATALOG_COMPILER_APPICON_NAME = AppIcon;
				CODE_SIGN_STYLE = Automatic;
				DEVELOPMENT_ASSET_PATHS = "\"Landmarks/Preview Content\"";
				DEVELOPMENT_TEAM = 765G848Q7R;
				ENABLE_PREVIEWS = YES;
				INFOPLIST_FILE = Landmarks/Info.plist;
				LD_RUNPATH_SEARCH_PATHS = (
					"$(inherited)",
					"@executable_path/Frameworks",
				);
				PRODUCT_BUNDLE_IDENTIFIER = MavenDevelopers.Landmarks;
				PRODUCT_NAME = "$(TARGET_NAME)";
				SWIFT_VERSION = 5.0;
				TARGETED_DEVICE_FAMILY = "1,2";
			};
			name = Debug;
		};
		D7FDDDD2235279EC00A3509C /* Release */ = {
			isa = XCBuildConfiguration;
			buildSettings = {
				ASSETCATALOG_COMPILER_APPICON_NAME = AppIcon;
				CODE_SIGN_STYLE = Automatic;
				DEVELOPMENT_ASSET_PATHS = "\"Landmarks/Preview Content\"";
				DEVELOPMENT_TEAM = 765G848Q7R;
				ENABLE_PREVIEWS = YES;
				INFOPLIST_FILE = Landmarks/Info.plist;
				LD_RUNPATH_SEARCH_PATHS = (
					"$(inherited)",
					"@executable_path/Frameworks",
				);
				PRODUCT_BUNDLE_IDENTIFIER = MavenDevelopers.Landmarks;
				PRODUCT_NAME = "$(TARGET_NAME)";
				SWIFT_VERSION = 5.0;
				TARGETED_DEVICE_FAMILY = "1,2";
			};
			name = Release;
		};
/* End XCBuildConfiguration section */

/* Begin XCConfigurationList section */
		D7FDDDB7235279EB00A3509C /* Build configuration list for PBXProject "Landmarks" */ = {
			isa = XCConfigurationList;
			buildConfigurations = (
				D7FDDDCE235279EC00A3509C /* Debug */,
				D7FDDDCF235279EC00A3509C /* Release */,
			);
			defaultConfigurationIsVisible = 0;
			defaultConfigurationName = Release;
		};
		D7FDDDD0235279EC00A3509C /* Build configuration list for PBXNativeTarget "Landmarks" */ = {
			isa = XCConfigurationList;
			buildConfigurations = (
				D7FDDDD1235279EC00A3509C /* Debug */,
				D7FDDDD2235279EC00A3509C /* Release */,
			);
			defaultConfigurationIsVisible = 0;
			defaultConfigurationName = Release;
		};
/* End XCConfigurationList section */
	};
	rootObject = D7FDDDB4235279EB00A3509C /* Project object */;
}
